
Microsoft Visual Studio Solution File, Format Version 12.00
# Visual Studio Version 17
VisualStudioVersion = 17.5.002.0
MinimumVisualStudioVersion = 10.0.40219.1
Project("{9A19103F-16F7-4668-BE54-9A1E7A4F7556}") = "ToDoApi", "ToDoApi\ToDoApi.csproj", "{C87F75C5-32A2-4307-A364-1CBAE0A85D2C}"
EndProject
Global
	GlobalSection(SolutionConfigurationPlatforms) = preSolution
		Debug|Any CPU = Debug|Any CPU
		Release|Any CPU = Release|Any CPU
	EndGlobalSection
	GlobalSection(ProjectConfigurationPlatforms) = postSolution
		{C87F75C5-32A2-4307-A364-1CBAE0A85D2C}.Debug|Any CPU.ActiveCfg = Debug|Any CPU
		{C87F75C5-32A2-4307-A364-1CBAE0A85D2C}.Debug|Any CPU.Build.0 = Debug|Any CPU
		{C87F75C5-32A2-4307-A364-1CBAE0A85D2C}.Release|Any CPU.ActiveCfg = Release|Any CPU
		{C87F75C5-32A2-4307-A364-1CBAE0A85D2C}.Release|Any CPU.Build.0 = Release|Any CPU
	EndGlobalSection
	GlobalSection(SolutionProperties) = preSolution
		HideSolutionNode = FALSE
	EndGlobalSection
	GlobalSection(ExtensibilityGlobals) = postSolution
		SolutionGuid = {C5055032-7051-4F3C-8D3B-1474C1E3FB27}
	EndGlobalSection
EndGlobal
